{
    "_meta": {
        "hash": {
            "sha256": "af927cc8b3aeb5c7ce071b6e3e694b8cd609cb1c6524888434138b7756c30a9e"
        },
        "host-environment-markers": {
            "implementation_name": "cpython",
            "implementation_version": "3.5.2",
            "os_name": "posix",
            "platform_machine": "x86_64",
            "platform_python_implementation": "CPython",
            "platform_release": "4.10.0-37-generic",
            "platform_system": "Linux",
            "platform_version": "#41~16.04.1-Ubuntu SMP Fri Oct 6 22:42:59 UTC 2017",
            "python_full_version": "3.5.2",
            "python_version": "3.5",
            "sys_platform": "linux"
        },
        "pipfile-spec": 6,
        "requires": {},
        "sources": [
            {
                "name": "pypi",
                "url": "https://pypi.python.org/simple",
                "verify_ssl": true
            }
        ]
    },
    "default": {
        "aiocassandra": {
            "hashes": [
                "sha256:ffeb2d3bbd69d03c8e021d8e2b4bb8edf9890d255acbb04256e29d3525233f6f"
            ],
            "version": "==1.0.3"
        },
        "aiohttp": {
            "hashes": [
                "sha256:078e1b47799c04ebf2847da5dd64481aea51c358b3546aa52a30ebb142036f93",
                "sha256:6b3a04457ef7477456719179b558dbe74a604c5f1381c31a8609e21c7d769ff0",
                "sha256:2345cd90aad4a9670edc76930a1b19d7771138c2f711093eb4a1e7fbda55486b",
                "sha256:3a21dac27dd56c5087b7380ca81544f84b2600b18df07ccecd53fb4c3f50b29c",
                "sha256:cf89f42dcdf8c31f0ec69c674afaf16511cb8d7c76067aab0642bd521c88bda5",
                "sha256:9ed7dcd2c4e930c2af5d1cc270e97fcd90af73f0936fd9513d4165f2c9bb6a3e",
                "sha256:892881fdba7a2b8a8f5da8f74d36e7280043b6373f9194dddae1a6ad55f09bbb",
                "sha256:cd004e4fef3c8737ab15b296ea639a1b4f4bc4e18f9f0d8eb9bfed9425d2eb71",
                "sha256:d81a711c888399511f76e3b3fc6473e9c467e0978d1c03e315d92bfd0cf1b817",
                "sha256:f2dd961ab8e7033bb966458eaa4707338ec1ec41b553bbdc61920f3746c06a52",
                "sha256:b34ef58ef0dfb3db17b9261904849ecbf2f2376ec6e1dbc25b282612d0446651",
                "sha256:29d215f084b743ccbd19fb575cbd3eff1357c7611e0a8a22093e348f2227848a",
                "sha256:bce9f418782789757537657010b2d7b2a7fb5a8171eff206531f248c41617e32",
                "sha256:ed795ac9548747b04eaf04f6bf4589341556f93aad9ae0016e42f9a47d0e2ffa",
                "sha256:d90b33372b12aecdd62ca83b00f384dd5e7f29d1c613ad89d0861515e633a2eb",
                "sha256:5f7a6bf226b7a3ac9bb7c08ba3fe2e8a5418fd9472e5099f275d8258055bbc2a",
                "sha256:900584dbf8abe851007f155ab9d52466bd6f281cc749f43f86b8f9c1adf3e4e3",
                "sha256:daf8d56b9c7b5ca553ed23c5559a9489d5acb919c20321ccf8145822fc9dc366",
                "sha256:f5266fce1990a289c7caa092c6e60d9c5162fa204c338748e5164e67c3a77e4b",
                "sha256:14aba6a4c9d3bfcd570c43c7b203837e426459d0e1df5525d50cfb17c1a70bc0",
                "sha256:6ad91bc57d89c0a4e66a74fdc29b9805bed32b21ba7e2e1b4f51bda68fe264eb",
                "sha256:04f58bbcc9ae6f9aec30b9219ae47fa3c31586c77679405720545738ea62236e"
            ],
            "version": "==2.3.1"
        },
        "aiohttp-jinja2": {
            "hashes": [
                "sha256:4ad484f00e760efb1f02d2f82c5cc32c9cb759dfeb0d08e02119c08e941db1e3",
                "sha256:44fedf0102ac632f0746f1bf72b5a71cf6326c9c2d13993c66789a838675924c"
            ],
            "version": "==0.14.0"
        },
        "aiokafka": {
            "hashes": [
                "sha256:e792e6f32387bc8eb0ee54cbd0b89cb3e2366466c6d81a245b3a52094428b9a8"
            ],
            "version": "==0.3.1"
        },
        "aioprometheus": {
            "hashes": [
                "sha256:10d4132665df9e30fb8c69690f61c864bb2c1bc57d371683c7fd7a24bb35dccb"
            ],
            "version": "==17.6.1"
        },
        "async-timeout": {
            "hashes": [
                "sha256:d3a195a827b0f4068d1616ae2da04aac62e365d14f2b13dbc071f9feed9db4e2",
                "sha256:c17d8ac2d735d59aa62737d76f2787a6c938f5a944ecf768a8c0ab70b0dea566"
            ],
            "version": "==2.0.0"
        },
        "asyncio": {
            "hashes": [
                "sha256:b62c9157d36187eca799c378e572c969f0da87cd5fc42ca372d92cdb06e7e1de",
                "sha256:c46a87b48213d7464f22d9a497b9eef8c1928b68320a2fa94240f969f6fec08c",
                "sha256:c4d18b22701821de07bd6aea8b53d21449ec0ec5680645e5317062ea21817d2d",
                "sha256:83360ff8bc97980e4ff25c964c7bd3923d333d177aa4f7fb736b019f26c7cb41"
            ],
            "version": "==3.4.3"
        },
        "boto3": {
            "hashes": [
                "sha256:38057b066990172ce6ebbf2a5e046a545503793581fcf14cab0e3821c6112eb0",
                "sha256:f79f77dca2280f7780f39d72a5088f4cf2b626c0921e7185ed6ac17abfdd7e6c"
            ],
            "version": "==1.4.7"
        },
        "botocore": {
            "hashes": [
                "sha256:082dfdfef4462fa10a3edaee9c9e322ff867b500f33eb3ca42d2923e3659e6ff",
                "sha256:bb9ed884e45176569c79b1b9e960f6c7c825243d7c8b6dcf119499c7c9216e4d"
            ],
            "version": "==1.7.36"
        },
        "cassandra-driver": {
            "hashes": [
                "sha256:643bed0fac08ee91630f0f35556bb62c3b4b007c20d4e6e8d349f769ea648150"
            ],
            "version": "==3.11.0"
        },
        "chardet": {
            "hashes": [
                "sha256:fc323ffcaeaed0e0a02bf4d117757b98aed530d9ed4531e3e15460124c106691",
                "sha256:84ab92ed1c4d4f16916e05906b6b75a6c0fb5db821cc65e70cbd64a3e2a5eaae"
            ],
            "version": "==3.0.4"
        },
        "cython": {
            "hashes": [
                "sha256:308e0733e42ad4033e9567c6e76d1fabd58d0522a9bf4bc121bd57216fa395b2",
                "sha256:f74f942e587353ac40aaf0f0019769ba9fa0a09ce78c7c6748f812f5a3328f7d",
                "sha256:81ef3d59fc31f4303d50b6a607e6d7a65fd7394c1efca0f86b6cb12354d7df6f",
                "sha256:a9ebd734dc21bf570f20b7f23b3b964a264260298cb603d318890162b8217e8d",
                "sha256:c48201f309d2b8a5d5ea809a3c3618c2a07f181769951c3098e0ca4d8c4361eb",
                "sha256:6e0cf97dd152b44f2a329d79cbbbe943fc25e92e92f7960e569ca04873e68069",
                "sha256:e30997354452e4d9bec8baf36694c269500b59af551bc5fdc9db842872ebf814",
                "sha256:42828882912ec288b7837b0e098db744445fe54e56c0c1e1e1f87a3b12dffa54",
                "sha256:05178560788190d4a2b544f820c1427d51f27adfa9dd228d3cfa42cdfb8e9b59",
                "sha256:ff7c89a62b5d1d17909a136b521e7b7530d1b0bcb46dc7fbdc6c249498487852",
                "sha256:f60467533ac46f3f9fca86f1e50f6ee4398451a24754a1a45010c11682c08365",
                "sha256:336438fd9f808db9a790c3153cfd048eb65b4b97f3c1942e89a2f16de72dbfd6",
                "sha256:7b5c6782b72f6487060abe5f60abc133f6b1e9f6c2bee8749192aea9cfe994e0",
                "sha256:d4d615e16bcb0e972dad85e96ef331e77f62225aaab6619affcb50b9b0ec8ab7",
                "sha256:64026fa6a8247665379685faac4757753852395ba0a9e362085fff40ba47c259",
                "sha256:449344485750646a2a2ae441163bfba0290d8725bab608347b39c9d7c7ca63c7",
                "sha256:958eadd3c3bb55975897b79a321519269e222fdeea4206fc915e27b35236d471",
                "sha256:7df51f1b28d783a6e1d34c6eda8fd2e084461b93df7e5e33b19a0060ea8e8c8d",
                "sha256:71a8092dcd3c64c72ae188d67acfc0f130fb67aba9202b38dd18c6a3d5fec952",
                "sha256:2fa06b1b0c34192bd698f976e23a2239ae6d4a2bd6c43a8bebee0b484b4e2618",
                "sha256:91d00d93a79d5bb872fb7a8bbe5bf12607b6953c61e5893a7a81ba55f77052bd",
                "sha256:ce5afe0ec471faed31f3c36876fdb2a6a19cccedf6dbdeed41b17b6372631d35",
                "sha256:b8c92a3e4f3f1b9118a50ec04deda96d903e1f049fb959a5a7c48a579b58dba0",
                "sha256:2fc974c0edebb144c5f44da635ceea7b9c3e09641e916604725c1d50acf12e03",
                "sha256:f2bd7c2ff4339b5c9eff3bf75eab67ec36527524add2b6a25a159100e819c4a3",
                "sha256:74a684ceaf5c3ed920aa933ecb3cac1d06a258606b3e24357122dc5ec821330f",
                "sha256:7ad0bac4913f1dd8befa95d925840a2c93e8c9bb1593af07574acad9a261a17d",
                "sha256:a34713608d465e68e946e7616b92552a232fc375518641863266e63f74fd0005",
                "sha256:84b47505e7ab9cfb505ba3a7c7bac6468a2306c3b0c2a79b633be266177a880a",
                "sha256:265dacf64ed8c0819f4be9355c39beaa13dc2ad2f85237a2c4e478f5ce644b48"
            ],
            "version": "==0.27.2"
        },
        "docutils": {
            "hashes": [
                "sha256:7a4bd47eaf6596e1295ecb11361139febe29b084a87bf005bf899f9a42edc3c6",
                "sha256:02aec4bd92ab067f6ff27a38a38a41173bf01bed8f89157768c1573f53e474a6",
                "sha256:51e64ef2ebfb29cae1faa133b3710143496eca21c530f3f71424d77687764274"
            ],
            "version": "==0.14"
        },
        "futures": {
            "hashes": [
                "sha256:c4884a65654a7c45435063e14ae85280eb1f111d94e542396717ba9828c4337f",
                "sha256:51ecb45f0add83c806c68e4b06106f90db260585b25ef2abfcda0bd95c0132fd"
            ],
            "markers": "python_version == '2.6' or python_version == '2.7'",
            "version": "==3.1.1"
        },
        "jinja2": {
            "hashes": [
                "sha256:2231bace0dfd8d2bf1e5d7e41239c06c9e0ded46e70cc1094a0aa64b0afeb054",
                "sha256:ddaa01a212cd6d641401cb01b605f4a4d9f37bfc93043d7f760ec70fb99ff9ff"
            ],
            "version": "==2.9.6"
        },
        "jmespath": {
            "hashes": [
                "sha256:f11b4461f425740a1d908e9a3f7365c3d2e569f6ca68a2ff8bc5bcd9676edd63",
                "sha256:6a81d4c9aa62caf061cb517b4d9ad1dd300374cd4706997aff9cd6aedd61fc64"
            ],
            "version": "==0.9.3"
        },
        "kafka-python": {
            "hashes": [
                "sha256:c7c281299ed44b86f9a17ed55d9aac38eb5a2089962bc63f703faa67ff2f959b",
                "sha256:467d4a3e09bfaf8fbbbbc458616afc8ff99d71e61642ce1dec39f738878a2d44"
            ],
            "version": "==1.3.3"
        },
        "markupsafe": {
            "hashes": [
                "sha256:a6be69091dac236ea9c6bc7d012beab42010fa914c459791d627dad4910eb665"
            ],
            "version": "==1.0"
        },
        "multidict": {
            "hashes": [
                "sha256:408adc42a58e19cd5e55ddbb907b817673c64904ff51bd397723b31b7cce0757",
                "sha256:da9449d1d78cd0451e27d93c121b20d3f3ac0188c1a87bf2e5982c28c031681e",
                "sha256:8bcbcb00d05cbb9b85f2dcce36e6c6a2fdf4fe4969331305d8857bc5211a1136",
                "sha256:fe7101b129ed478022b6211375b64e7b4bbdb78c344002a2b74fbbe759767f9b",
                "sha256:0da3b09079356c169b2e81eb18b5c784738cb2129a0bf912f6b7ec81211f9902",
                "sha256:3a68db44bc7c6c1587e6467c1e475b9f247a5b4894eb1e3b6a92c62599658108",
                "sha256:f0954db3abc8143c9428785e5a1754110e1503ae6491ef6f672d09603e858e02",
                "sha256:240d312195386c8bdb4006a3839d4e0bdac5b36ed5edbe2cbf36ae74da7c13f2",
                "sha256:1b685d2b60858640ba539586cded370c222e4d8005f45508a2d64c19e7a0933e",
                "sha256:ec86cbcf11676fabc9e8f5e5aef74686a6fa97c57638690311696b28cbe19f5e",
                "sha256:a7a1921373737464ed34f6bb1e3681c41c2332d9a1c40e2319e01951af788efa",
                "sha256:0d7f532b6dc0e8714ffc735492558070fdd411414c0a03c007a703175c7da415",
                "sha256:912556eeae51bdc4ed411e6a6e2fdbc6bba77aac1c6caca737c788383c98e882",
                "sha256:24f9d4440bd61d4a84a3b0bca8b904e6f25e34e728a69173b3ab4340f733855a",
                "sha256:eb2575713f0ecff4decbfee89f0991d2120c85b0f9401b100bb8c2e279e1aa20",
                "sha256:bd1ae0758dc27c07c3618a65c1ebd3274f60e8a0d8cf9eac09f4b078a53b972e",
                "sha256:438d2a27fd2db0539e7a093286396a53fca953f3a3521aa0abf57a2e40820044",
                "sha256:feefa7557ba49b15625043745d99ba1793645e16853c4b143d2e3ff5140c1fde",
                "sha256:2bc8350500970bfdca618e3c82e65ee5ff54af2acbefa55640b7daa9c3bf18da",
                "sha256:cf196c70b77a93603d1794fe3a92477c98c6c317c047a25c51ff360d49de798f",
                "sha256:7328bc54a2c793c48c70f2c5c627b65227ae610383b8fdfd8908f24e806dbdd3",
                "sha256:e76909da2fad6966281d4e0e4ccfd3c3025699ebcc30806afa09fa1384c3532b"
            ],
            "version": "==3.3.0"
        },
        "prometheus-client": {
            "hashes": [
                "sha256:0013d1ef25700dbfa2ea0c4fe799dd1fd72702d109467fd09a2eafa2d7e8f7e6"
            ],
            "version": "==0.0.21"
        },
        "prometheus-metrics-proto": {
            "hashes": [
                "sha256:9c7a7eee74f31d378b2b19bebb3c6ebe8a35e527bce212b874ac0218b9be264e"
            ],
            "version": "==17.2.1"
        },
        "py": {
            "hashes": [
                "sha256:2ccb79b01769d99115aa600d7eed99f524bf752bba8f041dc1c184853514655a",
                "sha256:0f2d585d22050e90c7d293b6451c83db097df77871974d90efd5a30dc12fcde3"
            ],
            "version": "==1.4.34"
        },
        "pyrobuf": {
            "hashes": [
                "sha256:fdcd98e129c4cbf53ba1eb82cde5b1210f81285720e783b47cb0fbf059b8acbb"
            ],
            "version": "==0.6.2"
        },
        "pytest": {
            "hashes": [
                "sha256:81a25f36a97da3313e1125fce9e7bbbba565bc7fec3c5beb14c262ddab238ac1",
                "sha256:27fa6617efc2869d3e969a3e75ec060375bfb28831ade8b5cdd68da3a741dc3c"
            ],
            "version": "==3.2.3"
        },
        "python-dateutil": {
            "hashes": [
                "sha256:95511bae634d69bc7329ba55e646499a842bc4ec342ad54a8cdb65645a0aad3c",
                "sha256:891c38b2a02f5bb1be3e4793866c8df49c7d19baabf9c1bad62547e0b4866aca"
            ],
            "version": "==2.6.1"
        },
        "quantile-python": {
            "hashes": [
                "sha256:558629e88c497ef3b9b1081349c1ae6a61b53590e317724298ff54c674db7969"
            ],
            "version": "==1.1"
        },
        "s3transfer": {
            "hashes": [
                "sha256:c7b16f4cca5acd2bd57ac9623bfba3fece047247392893506d0d2e6f25620eb3",
                "sha256:76f1f58f4a47e2c8afa135e2c76958806a3abbc42b721d87fd9d11409c75d979"
            ],
            "version": "==0.1.11"
        },
        "six": {
            "hashes": [
                "sha256:832dc0e10feb1aa2c68dcc57dbb658f1c7e65b9b61af69048abc87a2db00a0eb",
                "sha256:70e8a77beed4562e7f14fe23a786b54f6296e34344c23bc42f07b15018ff98e9"
            ],
            "version": "==1.11.0"
        },
        "thrift": {
            "hashes": [
                "sha256:b7f6c09155321169af03f9fb20dc15a4a0c7481e7c334a5ba8f7f0d864633209"
            ],
            "version": "==0.10.0"
        },
        "trollius": {
            "hashes": [
                "sha256:cd165d9d9578d3aadbf26e71a88d9a70c4e444792a5628dc9af255f62030cc90"
            ],
            "version": "==2.1"
        },
        "yarl": {
            "hashes": [
                "sha256:8b6a495e754269ba3817957dfe713532b7d5485cbcf3fce3e8624832f1156e3c",
                "sha256:14ff708e9813b961d5c0b9a30ae8323591deffca0ef4fa93fbaba94ec44f3560",
                "sha256:8756000c3ccf91acf9557401892864d2c869c0ae7c62e5d4fc3dd20ed5e8a3a7",
                "sha256:728b9b26d5927fd35b102c62c476bace5c5e0fb1275e7d4bb169d50720b1d687",
                "sha256:3a68281e8031b9eae9a1c186eff725ed31a66d4dbfd4dc7c0ceb1a15d4a0b09f",
                "sha256:dfacdfd8b350a10d66d2af0ef59fa56564cc03bcdcdd93a1aa6e65e9306f5882",
                "sha256:42d329be7cafa9210c17349fd2db90b967b76fc6fd411f9abaf450a9e7f7e2e4",
                "sha256:8d4a3ad001747e1225af47d46da935e507e7fe5e315bb4dbd235d5460b722488",
                "sha256:4dcf2e89e65745c4ae597a724a612dbdb2f38e92c0a5f145c9ec1701d4ddf384",
                "sha256:44e4ce0f59abbf7745ee450c3c4aa261a4deef83c7e1a3624dcc9db094d630e5",
                "sha256:626113e8649ff2e205ea49432c4c94f730326852905ba411fb82006e443f3231",
                "sha256:bfb4256496da1b1475a72e669464db539eca7b0fc3bddd231a64cf8afadb7efb",
                "sha256:25fe681a982f2cec567df8abac7cbd2ac27016e4aec89193945cab0643bfdb42"
            ],
            "version": "==0.13.0"
        }
    },
    "develop": {
        "aiohttp": {
            "hashes": [
                "sha256:078e1b47799c04ebf2847da5dd64481aea51c358b3546aa52a30ebb142036f93",
                "sha256:6b3a04457ef7477456719179b558dbe74a604c5f1381c31a8609e21c7d769ff0",
                "sha256:2345cd90aad4a9670edc76930a1b19d7771138c2f711093eb4a1e7fbda55486b",
                "sha256:3a21dac27dd56c5087b7380ca81544f84b2600b18df07ccecd53fb4c3f50b29c",
                "sha256:cf89f42dcdf8c31f0ec69c674afaf16511cb8d7c76067aab0642bd521c88bda5",
                "sha256:9ed7dcd2c4e930c2af5d1cc270e97fcd90af73f0936fd9513d4165f2c9bb6a3e",
                "sha256:892881fdba7a2b8a8f5da8f74d36e7280043b6373f9194dddae1a6ad55f09bbb",
                "sha256:cd004e4fef3c8737ab15b296ea639a1b4f4bc4e18f9f0d8eb9bfed9425d2eb71",
                "sha256:d81a711c888399511f76e3b3fc6473e9c467e0978d1c03e315d92bfd0cf1b817",
                "sha256:f2dd961ab8e7033bb966458eaa4707338ec1ec41b553bbdc61920f3746c06a52",
                "sha256:b34ef58ef0dfb3db17b9261904849ecbf2f2376ec6e1dbc25b282612d0446651",
                "sha256:29d215f084b743ccbd19fb575cbd3eff1357c7611e0a8a22093e348f2227848a",
                "sha256:bce9f418782789757537657010b2d7b2a7fb5a8171eff206531f248c41617e32",
                "sha256:ed795ac9548747b04eaf04f6bf4589341556f93aad9ae0016e42f9a47d0e2ffa",
                "sha256:d90b33372b12aecdd62ca83b00f384dd5e7f29d1c613ad89d0861515e633a2eb",
                "sha256:5f7a6bf226b7a3ac9bb7c08ba3fe2e8a5418fd9472e5099f275d8258055bbc2a",
                "sha256:900584dbf8abe851007f155ab9d52466bd6f281cc749f43f86b8f9c1adf3e4e3",
                "sha256:daf8d56b9c7b5ca553ed23c5559a9489d5acb919c20321ccf8145822fc9dc366",
                "sha256:f5266fce1990a289c7caa092c6e60d9c5162fa204c338748e5164e67c3a77e4b",
                "sha256:14aba6a4c9d3bfcd570c43c7b203837e426459d0e1df5525d50cfb17c1a70bc0",
                "sha256:6ad91bc57d89c0a4e66a74fdc29b9805bed32b21ba7e2e1b4f51bda68fe264eb",
                "sha256:04f58bbcc9ae6f9aec30b9219ae47fa3c31586c77679405720545738ea62236e"
            ],
            "version": "==2.3.1"
        },
        "async-timeout": {
            "hashes": [
                "sha256:d3a195a827b0f4068d1616ae2da04aac62e365d14f2b13dbc071f9feed9db4e2",
                "sha256:c17d8ac2d735d59aa62737d76f2787a6c938f5a944ecf768a8c0ab70b0dea566"
            ],
            "version": "==2.0.0"
        },
        "chardet": {
            "hashes": [
                "sha256:fc323ffcaeaed0e0a02bf4d117757b98aed530d9ed4531e3e15460124c106691",
                "sha256:84ab92ed1c4d4f16916e05906b6b75a6c0fb5db821cc65e70cbd64a3e2a5eaae"
            ],
            "version": "==3.0.4"
        },
        "funcsigs": {
            "hashes": [
                "sha256:330cc27ccbf7f1e992e69fef78261dc7c6569012cf397db8d3de0234e6c937ca",
                "sha256:a7bb0f2cf3a3fd1ab2732cb49eba4252c2af4240442415b4abce3b87022a8f50"
            ],
            "markers": "python_version < '3.3'",
            "version": "==1.0.2"
        },
        "mock": {
            "hashes": [
                "sha256:5ce3c71c5545b472da17b72268978914d0252980348636840bd34a00b5cc96c1",
                "sha256:b158b6df76edd239b8208d481dc46b6afd45a846b7812ff0ce58971cf5bc8bba"
            ],
            "version": "==2.0.0"
        },
        "multidict": {
            "hashes": [
                "sha256:408adc42a58e19cd5e55ddbb907b817673c64904ff51bd397723b31b7cce0757",
                "sha256:da9449d1d78cd0451e27d93c121b20d3f3ac0188c1a87bf2e5982c28c031681e",
                "sha256:8bcbcb00d05cbb9b85f2dcce36e6c6a2fdf4fe4969331305d8857bc5211a1136",
                "sha256:fe7101b129ed478022b6211375b64e7b4bbdb78c344002a2b74fbbe759767f9b",
                "sha256:0da3b09079356c169b2e81eb18b5c784738cb2129a0bf912f6b7ec81211f9902",
                "sha256:3a68db44bc7c6c1587e6467c1e475b9f247a5b4894eb1e3b6a92c62599658108",
                "sha256:f0954db3abc8143c9428785e5a1754110e1503ae6491ef6f672d09603e858e02",
                "sha256:240d312195386c8bdb4006a3839d4e0bdac5b36ed5edbe2cbf36ae74da7c13f2",
                "sha256:1b685d2b60858640ba539586cded370c222e4d8005f45508a2d64c19e7a0933e",
                "sha256:ec86cbcf11676fabc9e8f5e5aef74686a6fa97c57638690311696b28cbe19f5e",
                "sha256:a7a1921373737464ed34f6bb1e3681c41c2332d9a1c40e2319e01951af788efa",
                "sha256:0d7f532b6dc0e8714ffc735492558070fdd411414c0a03c007a703175c7da415",
                "sha256:912556eeae51bdc4ed411e6a6e2fdbc6bba77aac1c6caca737c788383c98e882",
                "sha256:24f9d4440bd61d4a84a3b0bca8b904e6f25e34e728a69173b3ab4340f733855a",
                "sha256:eb2575713f0ecff4decbfee89f0991d2120c85b0f9401b100bb8c2e279e1aa20",
                "sha256:bd1ae0758dc27c07c3618a65c1ebd3274f60e8a0d8cf9eac09f4b078a53b972e",
                "sha256:438d2a27fd2db0539e7a093286396a53fca953f3a3521aa0abf57a2e40820044",
                "sha256:feefa7557ba49b15625043745d99ba1793645e16853c4b143d2e3ff5140c1fde",
                "sha256:2bc8350500970bfdca618e3c82e65ee5ff54af2acbefa55640b7daa9c3bf18da",
                "sha256:cf196c70b77a93603d1794fe3a92477c98c6c317c047a25c51ff360d49de798f",
                "sha256:7328bc54a2c793c48c70f2c5c627b65227ae610383b8fdfd8908f24e806dbdd3",
                "sha256:e76909da2fad6966281d4e0e4ccfd3c3025699ebcc30806afa09fa1384c3532b"
            ],
            "version": "==3.3.0"
        },
        "pbr": {
            "hashes": [
                "sha256:60c25b7dfd054ef9bb0ae327af949dd4676aa09ac3a9471cdc871d8a9213f9ac",
                "sha256:05f61c71aaefc02d8e37c0a3eeb9815ff526ea28b3b76324769e6158d7f95be1"
            ],
            "version": "==3.1.1"
        },
        "py": {
            "hashes": [
                "sha256:2ccb79b01769d99115aa600d7eed99f524bf752bba8f041dc1c184853514655a",
                "sha256:0f2d585d22050e90c7d293b6451c83db097df77871974d90efd5a30dc12fcde3"
            ],
            "version": "==1.4.34"
        },
        "pytest": {
            "hashes": [
                "sha256:81a25f36a97da3313e1125fce9e7bbbba565bc7fec3c5beb14c262ddab238ac1",
                "sha256:27fa6617efc2869d3e969a3e75ec060375bfb28831ade8b5cdd68da3a741dc3c"
            ],
            "version": "==3.2.3"
        },
        "pytest-aiohttp": {
            "hashes": [
                "sha256:2ed6c5f40600cea0a2864ff9bcc92c36aaa8b4564f08007d448e07b05ab46437",
                "sha256:c2391c424b5342f9234f5f56f15183d167050b50c08c96258c1816cdb5a0283f"
            ],
            "version": "==0.1.3"
        },
        "pytest-asyncio": {
            "hashes": [
                "sha256:286b50773e996c80d894b95afaf45df6952408a67a59979ca9839f94693ec7fd",
                "sha256:f32804bb58a66e13a3eda11f8942a71b1b6a30466b0d2ffe9214787aab0e172e"
            ],
            "version": "==0.8.0"
        },
        "pytest-timeout": {
            "hashes": [
                "sha256:c65a80c87074c17b6dfbe91cd856f260f84fbdad5df9bd79b1cfc26fe5c163f1",
                "sha256:c29e3168f10897728059bd6b8ca20b28733d7fe6b8f6c09bb9d89f6146f27cb8"
            ],
            "version": "==1.2.0"
        },
        "six": {
            "hashes": [
                "sha256:832dc0e10feb1aa2c68dcc57dbb658f1c7e65b9b61af69048abc87a2db00a0eb",
                "sha256:70e8a77beed4562e7f14fe23a786b54f6296e34344c23bc42f07b15018ff98e9"
            ],
            "version": "==1.11.0"
        },
        "yarl": {
            "hashes": [
                "sha256:8b6a495e754269ba3817957dfe713532b7d5485cbcf3fce3e8624832f1156e3c",
                "sha256:14ff708e9813b961d5c0b9a30ae8323591deffca0ef4fa93fbaba94ec44f3560",
                "sha256:8756000c3ccf91acf9557401892864d2c869c0ae7c62e5d4fc3dd20ed5e8a3a7",
                "sha256:728b9b26d5927fd35b102c62c476bace5c5e0fb1275e7d4bb169d50720b1d687",
                "sha256:3a68281e8031b9eae9a1c186eff725ed31a66d4dbfd4dc7c0ceb1a15d4a0b09f",
                "sha256:dfacdfd8b350a10d66d2af0ef59fa56564cc03bcdcdd93a1aa6e65e9306f5882",
                "sha256:42d329be7cafa9210c17349fd2db90b967b76fc6fd411f9abaf450a9e7f7e2e4",
                "sha256:8d4a3ad001747e1225af47d46da935e507e7fe5e315bb4dbd235d5460b722488",
                "sha256:4dcf2e89e65745c4ae597a724a612dbdb2f38e92c0a5f145c9ec1701d4ddf384",
                "sha256:44e4ce0f59abbf7745ee450c3c4aa261a4deef83c7e1a3624dcc9db094d630e5",
                "sha256:626113e8649ff2e205ea49432c4c94f730326852905ba411fb82006e443f3231",
                "sha256:bfb4256496da1b1475a72e669464db539eca7b0fc3bddd231a64cf8afadb7efb",
                "sha256:25fe681a982f2cec567df8abac7cbd2ac27016e4aec89193945cab0643bfdb42"
            ],
            "version": "==0.13.0"
        }
    }
}
